
Microsoft Visual Studio Solution File, Format Version 12.00
# Visual Studio Version 16
VisualStudioVersion = 16.0.31729.503
MinimumVisualStudioVersion = 10.0.40219.1
Project("{FAE04EC0-301F-11D3-BF4B-00C04F79EFBC}") = "HeyWorld", "HeyWorld\HeyWorld.csproj", "{A2578FD5-5563-4408-AE9F-ED092C748045}"
EndProject
Global
	GlobalSection(SolutionConfigurationPlatforms) = preSolution
		Debug|Any CPU = Debug|Any CPU
		Release|Any CPU = Release|Any CPU
	EndGlobalSection
	GlobalSection(ProjectConfigurationPlatforms) = postSolution
		{A2578FD5-5563-4408-AE9F-ED092C748045}.Debug|Any CPU.ActiveCfg = Debug|Any CPU
		{A2578FD5-5563-4408-AE9F-ED092C748045}.Debug|Any CPU.Build.0 = Debug|Any CPU
		{A2578FD5-5563-4408-AE9F-ED092C748045}.Release|Any CPU.ActiveCfg = Release|Any CPU
		{A2578FD5-5563-4408-AE9F-ED092C748045}.Release|Any CPU.Build.0 = Release|Any CPU
	EndGlobalSection
	GlobalSection(SolutionProperties) = preSolution
		HideSolutionNode = FALSE
	EndGlobalSection
	GlobalSection(ExtensibilityGlobals) = postSolution
		SolutionGuid = {FEF694D4-79BF-4F28-A730-3EC979124620}
	EndGlobalSection
EndGlobal
